
Microsoft Visual Studio Solution File, Format Version 12.00
Project("{FAE04EC0-301F-11D3-BF4B-00C04F79EFBC}") = "UnityAttributes", "UnityAttributes\UnityAttributes.csproj", "{F8986E61-FBE1-4A42-BFE8-9EFF365E44B0}"
EndProject
Global
	GlobalSection(SolutionConfigurationPlatforms) = preSolution
		Debug|Any CPU = Debug|Any CPU
		Release|Any CPU = Release|Any CPU
	EndGlobalSection
	GlobalSection(ProjectConfigurationPlatforms) = postSolution
		{F8986E61-FBE1-4A42-BFE8-9EFF365E44B0}.Debug|Any CPU.ActiveCfg = Debug|Any CPU
		{F8986E61-FBE1-4A42-BFE8-9EFF365E44B0}.Debug|Any CPU.Build.0 = Debug|Any CPU
		{F8986E61-FBE1-4A42-BFE8-9EFF365E44B0}.Release|Any CPU.ActiveCfg = Release|Any CPU
		{F8986E61-FBE1-4A42-BFE8-9EFF365E44B0}.Release|Any CPU.Build.0 = Release|Any CPU
	EndGlobalSection
EndGlobal
